// !$*UTF8*$!
{
	archiveVersion = 1;
	classes = {
	};
	objectVersion = 50;
	objects = {

/* Begin PBXBuildFile section */
		B5E4ED092313858C00E7C027 /* AppDelegate.m in Sources */ = {isa = PBXBuildFile; fileRef = B5E4ED082313858C00E7C027 /* AppDelegate.m */; };
		B5E4ED0C2313858C00E7C027 /* ViewController.m in Sources */ = {isa = PBXBuildFile; fileRef = B5E4ED0B2313858C00E7C027 /* ViewController.m */; };
		B5E4ED0F2313858C00E7C027 /* Main.storyboard in Resources */ = {isa = PBXBuildFile; fileRef = B5E4ED0D2313858C00E7C027 /* Main.storyboard */; };
		B5E4ED112313858C00E7C027 /* Assets.xcassets in Resources */ = {isa = PBXBuildFile; fileRef = B5E4ED102313858C00E7C027 /* Assets.xcassets */; };
		B5E4ED142313858C00E7C027 /* LaunchScreen.storyboard in Resources */ = {isa = PBXBuildFile; fileRef = B5E4ED122313858C00E7C027 /* LaunchScreen.storyboard */; };
		B5E4ED172313858C00E7C027 /* main.m in Sources */ = {isa = PBXBuildFile; fileRef = B5E4ED162313858C00E7C027 /* main.m */; };
		B5E4ED1F2313859500E7C027 /* State.m in Sources */ = {isa = PBXBuildFile; fileRef = B5E4ED1E2313859500E7C027 /* State.m */; };
		B5E4ED222313862C00E7C027 /* WakeUpState.m in Sources */ = {isa = PBXBuildFile; fileRef = B5E4ED212313862C00E7C027 /* WakeUpState.m */; };
		B5E4ED25231386A800E7C027 /* StartCodingState.m in Sources */ = {isa = PBXBuildFile; fileRef = B5E4ED24231386A800E7C027 /* StartCodingState.m */; };
		B5E4ED28231386DE00E7C027 /* StartEatingState.m in Sources */ = {isa = PBXBuildFile; fileRef = B5E4ED27231386DE00E7C027 /* StartEatingState.m */; };
		B5E4ED2B2313872500E7C027 /* FallAsleepState.m in Sources */ = {isa = PBXBuildFile; fileRef = B5E4ED2A2313872500E7C027 /* FallAsleepState.m */; };
		B5E4ED2E2313878B00E7C027 /* Coder.m in Sources */ = {isa = PBXBuildFile; fileRef = B5E4ED2D2313878B00E7C027 /* Coder.m */; };
/* End PBXBuildFile section */

/* Begin PBXFileReference section */
		B5E4ED042313858C00E7C027 /* ZhuangTaiMoShi.app */ = {isa = PBXFileReference; explicitFileType = wrapper.application; includeInIndex = 0; path = ZhuangTaiMoShi.app; sourceTree = BUILT_PRODUCTS_DIR; };
		B5E4ED072313858C00E7C027 /* AppDelegate.h */ = {isa = PBXFileReference; lastKnownFileType = sourcecode.c.h; path = AppDelegate.h; sourceTree = "<group>"; };
		B5E4ED082313858C00E7C027 /* AppDelegate.m */ = {isa = PBXFileReference; lastKnownFileType = sourcecode.c.objc; path = AppDelegate.m; sourceTree = "<group>"; };
		B5E4ED0A2313858C00E7C027 /* ViewController.h */ = {isa = PBXFileReference; lastKnownFileType = sourcecode.c.h; path = ViewController.h; sourceTree = "<group>"; };
		B5E4ED0B2313858C00E7C027 /* ViewController.m */ = {isa = PBXFileReference; lastKnownFileType = sourcecode.c.objc; path = ViewController.m; sourceTree = "<group>"; };
		B5E4ED0E2313858C00E7C027 /* Base */ = {isa = PBXFileReference; lastKnownFileType = file.storyboard; name = Base; path = Base.lproj/Main.storyboard; sourceTree = "<group>"; };
		B5E4ED102313858C00E7C027 /* Assets.xcassets */ = {isa = PBXFileReference; lastKnownFileType = folder.assetcatalog; path = Assets.xcassets; sourceTree = "<group>"; };
		B5E4ED132313858C00E7C027 /* Base */ = {isa = PBXFileReference; lastKnownFileType = file.storyboard; name = Base; path = Base.lproj/LaunchScreen.storyboard; sourceTree = "<group>"; };
		B5E4ED152313858C00E7C027 /* Info.plist */ = {isa = PBXFileReference; lastKnownFileType = text.plist.xml; path = Info.plist; sourceTree = "<group>"; };
		B5E4ED162313858C00E7C027 /* main.m */ = {isa = PBXFileReference; lastKnownFileType = sourcecode.c.objc; path = main.m; sourceTree = "<group>"; };
		B5E4ED1D2313859500E7C027 /* State.h */ = {isa = PBXFileReference; lastKnownFileType = sourcecode.c.h; path = State.h; sourceTree = "<group>"; };
		B5E4ED1E2313859500E7C027 /* State.m */ = {isa = PBXFileReference; lastKnownFileType = sourcecode.c.objc; path = State.m; sourceTree = "<group>"; };
		B5E4ED202313862C00E7C027 /* WakeUpState.h */ = {isa = PBXFileReference; lastKnownFileType = sourcecode.c.h; path = WakeUpState.h; sourceTree = "<group>"; };
		B5E4ED212313862C00E7C027 /* WakeUpState.m */ = {isa = PBXFileReference; lastKnownFileType = sourcecode.c.objc; path = WakeUpState.m; sourceTree = "<group>"; };
		B5E4ED23231386A800E7C027 /* StartCodingState.h */ = {isa = PBXFileReference; lastKnownFileType = sourcecode.c.h; path = StartCodingState.h; sourceTree = "<group>"; };
		B5E4ED24231386A800E7C027 /* StartCodingState.m */ = {isa = PBXFileReference; lastKnownFileType = sourcecode.c.objc; path = StartCodingState.m; sourceTree = "<group>"; };
		B5E4ED26231386DE00E7C027 /* StartEatingState.h */ = {isa = PBXFileReference; lastKnownFileType = sourcecode.c.h; path = StartEatingState.h; sourceTree = "<group>"; };
		B5E4ED27231386DE00E7C027 /* StartEatingState.m */ = {isa = PBXFileReference; lastKnownFileType = sourcecode.c.objc; path = StartEatingState.m; sourceTree = "<group>"; };
		B5E4ED292313872500E7C027 /* FallAsleepState.h */ = {isa = PBXFileReference; lastKnownFileType = sourcecode.c.h; path = FallAsleepState.h; sourceTree = "<group>"; };
		B5E4ED2A2313872500E7C027 /* FallAsleepState.m */ = {isa = PBXFileReference; lastKnownFileType = sourcecode.c.objc; path = FallAsleepState.m; sourceTree = "<group>"; };
		B5E4ED2C2313878B00E7C027 /* Coder.h */ = {isa = PBXFileReference; lastKnownFileType = sourcecode.c.h; path = Coder.h; sourceTree = "<group>"; };
		B5E4ED2D2313878B00E7C027 /* Coder.m */ = {isa = PBXFileReference; lastKnownFileType = sourcecode.c.objc; path = Coder.m; sourceTree = "<group>"; };
/* End PBXFileReference section */

/* Begin PBXFrameworksBuildPhase section */
		B5E4ED012313858C00E7C027 /* Frameworks */ = {
			isa = PBXFrameworksBuildPhase;
			buildActionMask = 2147483647;
			files = (
			);
			runOnlyForDeploymentPostprocessing = 0;
		};
/* End PBXFrameworksBuildPhase section */

/* Begin PBXGroup section */
		B5E4ECFB2313858C00E7C027 = {
			isa = PBXGroup;
			children = (
				B5E4ED062313858C00E7C027 /* ZhuangTaiMoShi */,
				B5E4ED052313858C00E7C027 /* Products */,
			);
			sourceTree = "<group>";
		};
		B5E4ED052313858C00E7C027 /* Products */ = {
			isa = PBXGroup;
			children = (
				B5E4ED042313858C00E7C027 /* ZhuangTaiMoShi.app */,
			);
			name = Products;
			sourceTree = "<group>";
		};
		B5E4ED062313858C00E7C027 /* ZhuangTaiMoShi */ = {
			isa = PBXGroup;
			children = (
				B5E4ED072313858C00E7C027 /* AppDelegate.h */,
				B5E4ED082313858C00E7C027 /* AppDelegate.m */,
				B5E4ED0A2313858C00E7C027 /* ViewController.h */,
				B5E4ED0B2313858C00E7C027 /* ViewController.m */,
				B5E4ED0D2313858C00E7C027 /* Main.storyboard */,
				B5E4ED102313858C00E7C027 /* Assets.xcassets */,
				B5E4ED122313858C00E7C027 /* LaunchScreen.storyboard */,
				B5E4ED152313858C00E7C027 /* Info.plist */,
				B5E4ED162313858C00E7C027 /* main.m */,
				B5E4ED1D2313859500E7C027 /* State.h */,
				B5E4ED1E2313859500E7C027 /* State.m */,
				B5E4ED202313862C00E7C027 /* WakeUpState.h */,
				B5E4ED212313862C00E7C027 /* WakeUpState.m */,
				B5E4ED23231386A800E7C027 /* StartCodingState.h */,
				B5E4ED24231386A800E7C027 /* StartCodingState.m */,
				B5E4ED26231386DE00E7C027 /* StartEatingState.h */,
				B5E4ED27231386DE00E7C027 /* StartEatingState.m */,
				B5E4ED292313872500E7C027 /* FallAsleepState.h */,
				B5E4ED2A2313872500E7C027 /* FallAsleepState.m */,
				B5E4ED2C2313878B00E7C027 /* Coder.h */,
				B5E4ED2D2313878B00E7C027 /* Coder.m */,
			);
			path = ZhuangTaiMoShi;
			sourceTree = "<group>";
		};
/* End PBXGroup section */

/* Begin PBXNativeTarget section */
		B5E4ED032313858C00E7C027 /* ZhuangTaiMoShi */ = {
			isa = PBXNativeTarget;
			buildConfigurationList = B5E4ED1A2313858C00E7C027 /* Build configuration list for PBXNativeTarget "ZhuangTaiMoShi" */;
			buildPhases = (
				B5E4ED002313858C00E7C027 /* Sources */,
				B5E4ED012313858C00E7C027 /* Frameworks */,
				B5E4ED022313858C00E7C027 /* Resources */,
			);
			buildRules = (
			);
			dependencies = (
			);
			name = ZhuangTaiMoShi;
			productName = ZhuangTaiMoShi;
			productReference = B5E4ED042313858C00E7C027 /* ZhuangTaiMoShi.app */;
			productType = "com.apple.product-type.application";
		};
/* End PBXNativeTarget section */

/* Begin PBXProject section */
		B5E4ECFC2313858C00E7C027 /* Project object */ = {
			isa = PBXProject;
			attributes = {
				LastUpgradeCheck = 1020;
				ORGANIZATIONNAME = dengchaojie;
				TargetAttributes = {
					B5E4ED032313858C00E7C027 = {
						CreatedOnToolsVersion = 10.2;
					};
				};
			};
			buildConfigurationList = B5E4ECFF2313858C00E7C027 /* Build configuration list for PBXProject "ZhuangTaiMoShi" */;
			compatibilityVersion = "Xcode 9.3";
			developmentRegion = en;
			hasScannedForEncodings = 0;
			knownRegions = (
				en,
				Base,
			);
			mainGroup = B5E4ECFB2313858C00E7C027;
			productRefGroup = B5E4ED052313858C00E7C027 /* Products */;
			projectDirPath = "";
			projectRoot = "";
			targets = (
				B5E4ED032313858C00E7C027 /* ZhuangTaiMoShi */,
			);
		};
/* End PBXProject section */

/* Begin PBXResourcesBuildPhase section */
		B5E4ED022313858C00E7C027 /* Resources */ = {
			isa = PBXResourcesBuildPhase;
			buildActionMask = 2147483647;
			files = (
				B5E4ED142313858C00E7C027 /* LaunchScreen.storyboard in Resources */,
				B5E4ED112313858C00E7C027 /* Assets.xcassets in Resources */,
				B5E4ED0F2313858C00E7C027 /* Main.storyboard in Resources */,
			);
			runOnlyForDeploymentPostprocessing = 0;
		};
/* End PBXResourcesBuildPhase section */

/* Begin PBXSourcesBuildPhase section */
		B5E4ED002313858C00E7C027 /* Sources */ = {
			isa = PBXSourcesBuildPhase;
			buildActionMask = 2147483647;
			files = (
				B5E4ED2E2313878B00E7C027 /* Coder.m in Sources */,
				B5E4ED0C2313858C00E7C027 /* ViewController.m in Sources */,
				B5E4ED172313858C00E7C027 /* main.m in Sources */,
				B5E4ED25231386A800E7C027 /* StartCodingState.m in Sources */,
				B5E4ED092313858C00E7C027 /* AppDelegate.m in Sources */,
				B5E4ED28231386DE00E7C027 /* StartEatingState.m in Sources */,
				B5E4ED1F2313859500E7C027 /* State.m in Sources */,
				B5E4ED2B2313872500E7C027 /* FallAsleepState.m in Sources */,
				B5E4ED222313862C00E7C027 /* WakeUpState.m in Sources */,
			);
			runOnlyForDeploymentPostprocessing = 0;
		};
/* End PBXSourcesBuildPhase section */

/* Begin PBXVariantGroup section */
		B5E4ED0D2313858C00E7C027 /* Main.storyboard */ = {
			isa = PBXVariantGroup;
			children = (
				B5E4ED0E2313858C00E7C027 /* Base */,
			);
			name = Main.storyboard;
			sourceTree = "<group>";
		};
		B5E4ED122313858C00E7C027 /* LaunchScreen.storyboard */ = {
			isa = PBXVariantGroup;
			children = (
				B5E4ED132313858C00E7C027 /* Base */,
			);
			name = LaunchScreen.storyboard;
			sourceTree = "<group>";
		};
/* End PBXVariantGroup section */

/* Begin XCBuildConfiguration section */
		B5E4ED182313858C00E7C027 /* Debug */ = {
			isa = XCBuildConfiguration;
			buildSettings = {
				ALWAYS_SEARCH_USER_PATHS = NO;
				CLANG_ANALYZER_NONNULL = YES;
				CLANG_ANALYZER_NUMBER_OBJECT_CONVERSION = YES_AGGRESSIVE;
				CLANG_CXX_LANGUAGE_STANDARD = "gnu++14";
				CLANG_CXX_LIBRARY = "libc++";
				CLANG_ENABLE_MODULES = YES;
				CLANG_ENABLE_OBJC_ARC = YES;
				CLANG_ENABLE_OBJC_WEAK = YES;
				CLANG_WARN_BLOCK_CAPTURE_AUTORELEASING = YES;
				CLANG_WARN_BOOL_CONVERSION = YES;
				CLANG_WARN_COMMA = YES;
				CLANG_WARN_CONSTANT_CONVERSION = YES;
				CLANG_WARN_DEPRECATED_OBJC_IMPLEMENTATIONS = YES;
				CLANG_WARN_DIRECT_OBJC_ISA_USAGE = YES_ERROR;
				CLANG_WARN_DOCUMENTATION_COMMENTS = YES;
				CLANG_WARN_EMPTY_BODY = YES;
				CLANG_WARN_ENUM_CONVERSION = YES;
				CLANG_WARN_INFINITE_RECURSION = YES;
				CLANG_WARN_INT_CONVERSION = YES;
				CLANG_WARN_NON_LITERAL_NULL_CONVERSION = YES;
				CLANG_WARN_OBJC_IMPLICIT_RETAIN_SELF = YES;
				CLANG_WARN_OBJC_LITERAL_CONVERSION = YES;
				CLANG_WARN_OBJC_ROOT_CLASS = YES_ERROR;
				CLANG_WARN_RANGE_LOOP_ANALYSIS = YES;
				CLANG_WARN_STRICT_PROTOTYPES = YES;
				CLANG_WARN_SUSPICIOUS_MOVE = YES;
				CLANG_WARN_UNGUARDED_AVAILABILITY = YES_AGGRESSIVE;
				CLANG_WARN_UNREACHABLE_CODE = YES;
				CLANG_WARN__DUPLICATE_METHOD_MATCH = YES;
				CODE_SIGN_IDENTITY = "iPhone Developer";
				COPY_PHASE_STRIP = NO;
				DEBUG_INFORMATION_FORMAT = dwarf;
				ENABLE_STRICT_OBJC_MSGSEND = YES;
				ENABLE_TESTABILITY = YES;
				GCC_C_LANGUAGE_STANDARD = gnu11;
				GCC_DYNAMIC_NO_PIC = NO;
				GCC_NO_COMMON_BLOCKS = YES;
				GCC_OPTIMIZATION_LEVEL = 0;
				GCC_PREPROCESSOR_DEFINITIONS = (
					"DEBUG=1",
					"$(inherited)",
				);
				GCC_WARN_64_TO_32_BIT_CONVERSION = YES;
				GCC_WARN_ABOUT_RETURN_TYPE = YES_ERROR;
				GCC_WARN_UNDECLARED_SELECTOR = YES;
				GCC_WARN_UNINITIALIZED_AUTOS = YES_AGGRESSIVE;
				GCC_WARN_UNUSED_FUNCTION = YES;
				GCC_WARN_UNUSED_VARIABLE = YES;
				IPHONEOS_DEPLOYMENT_TARGET = 12.2;
				MTL_ENABLE_DEBUG_INFO = INCLUDE_SOURCE;
				MTL_FAST_MATH = YES;
				ONLY_ACTIVE_ARCH = YES;
				SDKROOT = iphoneos;
			};
			name = Debug;
		};
		B5E4ED192313858C00E7C027 /* Release */ = {
			isa = XCBuildConfiguration;
			buildSettings = {
				ALWAYS_SEARCH_USER_PATHS = NO;
				CLANG_ANALYZER_NONNULL = YES;
				CLANG_ANALYZER_NUMBER_OBJECT_CONVERSION = YES_AGGRESSIVE;
				CLANG_CXX_LANGUAGE_STANDARD = "gnu++14";
				CLANG_CXX_LIBRARY = "libc++";
				CLANG_ENABLE_MODULES = YES;
				CLANG_ENABLE_OBJC_ARC = YES;
				CLANG_ENABLE_OBJC_WEAK = YES;
				CLANG_WARN_BLOCK_CAPTURE_AUTORELEASING = YES;
				CLANG_WARN_BOOL_CONVERSION = YES;
				CLANG_WARN_COMMA = YES;
				CLANG_WARN_CONSTANT_CONVERSION = YES;
				CLANG_WARN_DEPRECATED_OBJC_IMPLEMENTATIONS = YES;
				CLANG_WARN_DIRECT_OBJC_ISA_USAGE = YES_ERROR;
				CLANG_WARN_DOCUMENTATION_COMMENTS = YES;
				CLANG_WARN_EMPTY_BODY = YES;
				CLANG_WARN_ENUM_CONVERSION = YES;
				CLANG_WARN_INFINITE_RECURSION = YES;
				CLANG_WARN_INT_CONVERSION = YES;
				CLANG_WARN_NON_LITERAL_NULL_CONVERSION = YES;
				CLANG_WARN_OBJC_IMPLICIT_RETAIN_SELF = YES;
				CLANG_WARN_OBJC_LITERAL_CONVERSION = YES;
				CLANG_WARN_OBJC_ROOT_CLASS = YES_ERROR;
				CLANG_WARN_RANGE_LOOP_ANALYSIS = YES;
				CLANG_WARN_STRICT_PROTOTYPES = YES;
				CLANG_WARN_SUSPICIOUS_MOVE = YES;
				CLANG_WARN_UNGUARDED_AVAILABILITY = YES_AGGRESSIVE;
				CLANG_WARN_UNREACHABLE_CODE = YES;
				CLANG_WARN__DUPLICATE_METHOD_MATCH = YES;
				CODE_SIGN_IDENTITY = "iPhone Developer";
				COPY_PHASE_STRIP = NO;
				DEBUG_INFORMATION_FORMAT = "dwarf-with-dsym";
				ENABLE_NS_ASSERTIONS = NO;
				ENABLE_STRICT_OBJC_MSGSEND = YES;
				GCC_C_LANGUAGE_STANDARD = gnu11;
				GCC_NO_COMMON_BLOCKS = YES;
				GCC_WARN_64_TO_32_BIT_CONVERSION = YES;
				GCC_WARN_ABOUT_RETURN_TYPE = YES_ERROR;
				GCC_WARN_UNDECLARED_SELECTOR = YES;
				GCC_WARN_UNINITIALIZED_AUTOS = YES_AGGRESSIVE;
				GCC_WARN_UNUSED_FUNCTION = YES;
				GCC_WARN_UNUSED_VARIABLE = YES;
				IPHONEOS_DEPLOYMENT_TARGET = 12.2;
				MTL_ENABLE_DEBUG_INFO = NO;
				MTL_FAST_MATH = YES;
				SDKROOT = iphoneos;
				VALIDATE_PRODUCT = YES;
			};
			name = Release;
		};
		B5E4ED1B2313858C00E7C027 /* Debug */ = {
			isa = XCBuildConfiguration;
			buildSettings = {
				ASSETCATALOG_COMPILER_APPICON_NAME = AppIcon;
				CODE_SIGN_STYLE = Automatic;
				DEVELOPMENT_TEAM = CBDRQW8BL9;
				INFOPLIST_FILE = ZhuangTaiMoShi/Info.plist;
				IPHONEOS_DEPLOYMENT_TARGET = 9.0;
				LD_RUNPATH_SEARCH_PATHS = (
					"$(inherited)",
					"@executable_path/Frameworks",
				);
				PRODUCT_BUNDLE_IDENTIFIER = com.dcj.ZhuangTaiMoShi;
				PRODUCT_NAME = "$(TARGET_NAME)";
				TARGETED_DEVICE_FAMILY = "1,2";
			};
			name = Debug;
		};
		B5E4ED1C2313858C00E7C027 /* Release */ = {
			isa = XCBuildConfiguration;
			buildSettings = {
				ASSETCATALOG_COMPILER_APPICON_NAME = AppIcon;
				CODE_SIGN_STYLE = Automatic;
				DEVELOPMENT_TEAM = CBDRQW8BL9;
				INFOPLIST_FILE = ZhuangTaiMoShi/Info.plist;
				IPHONEOS_DEPLOYMENT_TARGET = 9.0;
				LD_RUNPATH_SEARCH_PATHS = (
					"$(inherited)",
					"@executable_path/Frameworks",
				);
				PRODUCT_BUNDLE_IDENTIFIER = com.dcj.ZhuangTaiMoShi;
				PRODUCT_NAME = "$(TARGET_NAME)";
				TARGETED_DEVICE_FAMILY = "1,2";
			};
			name = Release;
		};
/* End XCBuildConfiguration section */

/* Begin XCConfigurationList section */
		B5E4ECFF2313858C00E7C027 /* Build configuration list for PBXProject "ZhuangTaiMoShi" */ = {
			isa = XCConfigurationList;
			buildConfigurations = (
				B5E4ED182313858C00E7C027 /* Debug */,
				B5E4ED192313858C00E7C027 /* Release */,
			);
			defaultConfigurationIsVisible = 0;
			defaultConfigurationName = Release;
		};
		B5E4ED1A2313858C00E7C027 /* Build configuration list for PBXNativeTarget "ZhuangTaiMoShi" */ = {
			isa = XCConfigurationList;
			buildConfigurations = (
				B5E4ED1B2313858C00E7C027 /* Debug */,
				B5E4ED1C2313858C00E7C027 /* Release */,
			);
			defaultConfigurationIsVisible = 0;
			defaultConfigurationName = Release;
		};
/* End XCConfigurationList section */
	};
	rootObject = B5E4ECFC2313858C00E7C027 /* Project object */;
}
