// !$*UTF8*$!
{
	archiveVersion = 1;
	classes = {
	};
	objectVersion = 50;
	objects = {

/* Begin PBXBuildFile section */
		B563A25D230EB5E1000D2943 /* AppDelegate.m in Sources */ = {isa = PBXBuildFile; fileRef = B563A25C230EB5E1000D2943 /* AppDelegate.m */; };
		B563A260230EB5E1000D2943 /* ViewController.m in Sources */ = {isa = PBXBuildFile; fileRef = B563A25F230EB5E1000D2943 /* ViewController.m */; };
		B563A263230EB5E1000D2943 /* Main.storyboard in Resources */ = {isa = PBXBuildFile; fileRef = B563A261230EB5E1000D2943 /* Main.storyboard */; };
		B563A265230EB5E2000D2943 /* Assets.xcassets in Resources */ = {isa = PBXBuildFile; fileRef = B563A264230EB5E2000D2943 /* Assets.xcassets */; };
		B563A268230EB5E2000D2943 /* LaunchScreen.storyboard in Resources */ = {isa = PBXBuildFile; fileRef = B563A266230EB5E2000D2943 /* LaunchScreen.storyboard */; };
		B563A26B230EB5E2000D2943 /* main.m in Sources */ = {isa = PBXBuildFile; fileRef = B563A26A230EB5E2000D2943 /* main.m */; };
		B563A273230EB5FB000D2943 /* HomeDevice.m in Sources */ = {isa = PBXBuildFile; fileRef = B563A272230EB5FB000D2943 /* HomeDevice.m */; };
		B563A277230EB631000D2943 /* Airconditioner.m in Sources */ = {isa = PBXBuildFile; fileRef = B563A276230EB631000D2943 /* Airconditioner.m */; };
		B563A27A230EB6F2000D2943 /* CDPlayer.m in Sources */ = {isa = PBXBuildFile; fileRef = B563A279230EB6F2000D2943 /* CDPlayer.m */; };
		B563A27D230EB6FC000D2943 /* DVDPlayer.m in Sources */ = {isa = PBXBuildFile; fileRef = B563A27C230EB6FC000D2943 /* DVDPlayer.m */; };
		B563A280230EB712000D2943 /* VoiceBox.m in Sources */ = {isa = PBXBuildFile; fileRef = B563A27F230EB712000D2943 /* VoiceBox.m */; };
		B563A283230EB71C000D2943 /* Projecter.m in Sources */ = {isa = PBXBuildFile; fileRef = B563A282230EB71C000D2943 /* Projecter.m */; };
		B563A286230EB7AB000D2943 /* HomeDeviceManager.m in Sources */ = {isa = PBXBuildFile; fileRef = B563A285230EB7AB000D2943 /* HomeDeviceManager.m */; };
/* End PBXBuildFile section */

/* Begin PBXFileReference section */
		B563A258230EB5E1000D2943 /* WaiGuanMoShi.app */ = {isa = PBXFileReference; explicitFileType = wrapper.application; includeInIndex = 0; path = WaiGuanMoShi.app; sourceTree = BUILT_PRODUCTS_DIR; };
		B563A25B230EB5E1000D2943 /* AppDelegate.h */ = {isa = PBXFileReference; lastKnownFileType = sourcecode.c.h; path = AppDelegate.h; sourceTree = "<group>"; };
		B563A25C230EB5E1000D2943 /* AppDelegate.m */ = {isa = PBXFileReference; lastKnownFileType = sourcecode.c.objc; path = AppDelegate.m; sourceTree = "<group>"; };
		B563A25E230EB5E1000D2943 /* ViewController.h */ = {isa = PBXFileReference; lastKnownFileType = sourcecode.c.h; path = ViewController.h; sourceTree = "<group>"; };
		B563A25F230EB5E1000D2943 /* ViewController.m */ = {isa = PBXFileReference; lastKnownFileType = sourcecode.c.objc; path = ViewController.m; sourceTree = "<group>"; };
		B563A262230EB5E1000D2943 /* Base */ = {isa = PBXFileReference; lastKnownFileType = file.storyboard; name = Base; path = Base.lproj/Main.storyboard; sourceTree = "<group>"; };
		B563A264230EB5E2000D2943 /* Assets.xcassets */ = {isa = PBXFileReference; lastKnownFileType = folder.assetcatalog; path = Assets.xcassets; sourceTree = "<group>"; };
		B563A267230EB5E2000D2943 /* Base */ = {isa = PBXFileReference; lastKnownFileType = file.storyboard; name = Base; path = Base.lproj/LaunchScreen.storyboard; sourceTree = "<group>"; };
		B563A269230EB5E2000D2943 /* Info.plist */ = {isa = PBXFileReference; lastKnownFileType = text.plist.xml; path = Info.plist; sourceTree = "<group>"; };
		B563A26A230EB5E2000D2943 /* main.m */ = {isa = PBXFileReference; lastKnownFileType = sourcecode.c.objc; path = main.m; sourceTree = "<group>"; };
		B563A271230EB5FB000D2943 /* HomeDevice.h */ = {isa = PBXFileReference; lastKnownFileType = sourcecode.c.h; path = HomeDevice.h; sourceTree = "<group>"; };
		B563A272230EB5FB000D2943 /* HomeDevice.m */ = {isa = PBXFileReference; lastKnownFileType = sourcecode.c.objc; path = HomeDevice.m; sourceTree = "<group>"; };
		B563A275230EB631000D2943 /* Airconditioner.h */ = {isa = PBXFileReference; lastKnownFileType = sourcecode.c.h; path = Airconditioner.h; sourceTree = "<group>"; };
		B563A276230EB631000D2943 /* Airconditioner.m */ = {isa = PBXFileReference; lastKnownFileType = sourcecode.c.objc; path = Airconditioner.m; sourceTree = "<group>"; };
		B563A278230EB6F2000D2943 /* CDPlayer.h */ = {isa = PBXFileReference; lastKnownFileType = sourcecode.c.h; path = CDPlayer.h; sourceTree = "<group>"; };
		B563A279230EB6F2000D2943 /* CDPlayer.m */ = {isa = PBXFileReference; lastKnownFileType = sourcecode.c.objc; path = CDPlayer.m; sourceTree = "<group>"; };
		B563A27B230EB6FC000D2943 /* DVDPlayer.h */ = {isa = PBXFileReference; lastKnownFileType = sourcecode.c.h; path = DVDPlayer.h; sourceTree = "<group>"; };
		B563A27C230EB6FC000D2943 /* DVDPlayer.m */ = {isa = PBXFileReference; lastKnownFileType = sourcecode.c.objc; path = DVDPlayer.m; sourceTree = "<group>"; };
		B563A27E230EB712000D2943 /* VoiceBox.h */ = {isa = PBXFileReference; lastKnownFileType = sourcecode.c.h; path = VoiceBox.h; sourceTree = "<group>"; };
		B563A27F230EB712000D2943 /* VoiceBox.m */ = {isa = PBXFileReference; lastKnownFileType = sourcecode.c.objc; path = VoiceBox.m; sourceTree = "<group>"; };
		B563A281230EB71C000D2943 /* Projecter.h */ = {isa = PBXFileReference; lastKnownFileType = sourcecode.c.h; path = Projecter.h; sourceTree = "<group>"; };
		B563A282230EB71C000D2943 /* Projecter.m */ = {isa = PBXFileReference; lastKnownFileType = sourcecode.c.objc; path = Projecter.m; sourceTree = "<group>"; };
		B563A284230EB7AB000D2943 /* HomeDeviceManager.h */ = {isa = PBXFileReference; lastKnownFileType = sourcecode.c.h; path = HomeDeviceManager.h; sourceTree = "<group>"; };
		B563A285230EB7AB000D2943 /* HomeDeviceManager.m */ = {isa = PBXFileReference; lastKnownFileType = sourcecode.c.objc; path = HomeDeviceManager.m; sourceTree = "<group>"; };
/* End PBXFileReference section */

/* Begin PBXFrameworksBuildPhase section */
		B563A255230EB5E1000D2943 /* Frameworks */ = {
			isa = PBXFrameworksBuildPhase;
			buildActionMask = 2147483647;
			files = (
			);
			runOnlyForDeploymentPostprocessing = 0;
		};
/* End PBXFrameworksBuildPhase section */

/* Begin PBXGroup section */
		B563A24F230EB5E1000D2943 = {
			isa = PBXGroup;
			children = (
				B563A25A230EB5E1000D2943 /* WaiGuanMoShi */,
				B563A259230EB5E1000D2943 /* Products */,
			);
			sourceTree = "<group>";
		};
		B563A259230EB5E1000D2943 /* Products */ = {
			isa = PBXGroup;
			children = (
				B563A258230EB5E1000D2943 /* WaiGuanMoShi.app */,
			);
			name = Products;
			sourceTree = "<group>";
		};
		B563A25A230EB5E1000D2943 /* WaiGuanMoShi */ = {
			isa = PBXGroup;
			children = (
				B563A284230EB7AB000D2943 /* HomeDeviceManager.h */,
				B563A285230EB7AB000D2943 /* HomeDeviceManager.m */,
				B563A274230EB60C000D2943 /* HomeDevice */,
				B563A25B230EB5E1000D2943 /* AppDelegate.h */,
				B563A25C230EB5E1000D2943 /* AppDelegate.m */,
				B563A25E230EB5E1000D2943 /* ViewController.h */,
				B563A25F230EB5E1000D2943 /* ViewController.m */,
				B563A261230EB5E1000D2943 /* Main.storyboard */,
				B563A264230EB5E2000D2943 /* Assets.xcassets */,
				B563A266230EB5E2000D2943 /* LaunchScreen.storyboard */,
				B563A269230EB5E2000D2943 /* Info.plist */,
				B563A26A230EB5E2000D2943 /* main.m */,
			);
			path = WaiGuanMoShi;
			sourceTree = "<group>";
		};
		B563A274230EB60C000D2943 /* HomeDevice */ = {
			isa = PBXGroup;
			children = (
				B563A271230EB5FB000D2943 /* HomeDevice.h */,
				B563A272230EB5FB000D2943 /* HomeDevice.m */,
				B563A275230EB631000D2943 /* Airconditioner.h */,
				B563A276230EB631000D2943 /* Airconditioner.m */,
				B563A278230EB6F2000D2943 /* CDPlayer.h */,
				B563A279230EB6F2000D2943 /* CDPlayer.m */,
				B563A27B230EB6FC000D2943 /* DVDPlayer.h */,
				B563A27C230EB6FC000D2943 /* DVDPlayer.m */,
				B563A27E230EB712000D2943 /* VoiceBox.h */,
				B563A27F230EB712000D2943 /* VoiceBox.m */,
				B563A281230EB71C000D2943 /* Projecter.h */,
				B563A282230EB71C000D2943 /* Projecter.m */,
			);
			path = HomeDevice;
			sourceTree = "<group>";
		};
/* End PBXGroup section */

/* Begin PBXNativeTarget section */
		B563A257230EB5E1000D2943 /* WaiGuanMoShi */ = {
			isa = PBXNativeTarget;
			buildConfigurationList = B563A26E230EB5E2000D2943 /* Build configuration list for PBXNativeTarget "WaiGuanMoShi" */;
			buildPhases = (
				B563A254230EB5E1000D2943 /* Sources */,
				B563A255230EB5E1000D2943 /* Frameworks */,
				B563A256230EB5E1000D2943 /* Resources */,
			);
			buildRules = (
			);
			dependencies = (
			);
			name = WaiGuanMoShi;
			productName = WaiGuanMoShi;
			productReference = B563A258230EB5E1000D2943 /* WaiGuanMoShi.app */;
			productType = "com.apple.product-type.application";
		};
/* End PBXNativeTarget section */

/* Begin PBXProject section */
		B563A250230EB5E1000D2943 /* Project object */ = {
			isa = PBXProject;
			attributes = {
				LastUpgradeCheck = 1020;
				ORGANIZATIONNAME = dengchaojie;
				TargetAttributes = {
					B563A257230EB5E1000D2943 = {
						CreatedOnToolsVersion = 10.2;
					};
				};
			};
			buildConfigurationList = B563A253230EB5E1000D2943 /* Build configuration list for PBXProject "WaiGuanMoShi" */;
			compatibilityVersion = "Xcode 9.3";
			developmentRegion = en;
			hasScannedForEncodings = 0;
			knownRegions = (
				en,
				Base,
			);
			mainGroup = B563A24F230EB5E1000D2943;
			productRefGroup = B563A259230EB5E1000D2943 /* Products */;
			projectDirPath = "";
			projectRoot = "";
			targets = (
				B563A257230EB5E1000D2943 /* WaiGuanMoShi */,
			);
		};
/* End PBXProject section */

/* Begin PBXResourcesBuildPhase section */
		B563A256230EB5E1000D2943 /* Resources */ = {
			isa = PBXResourcesBuildPhase;
			buildActionMask = 2147483647;
			files = (
				B563A268230EB5E2000D2943 /* LaunchScreen.storyboard in Resources */,
				B563A265230EB5E2000D2943 /* Assets.xcassets in Resources */,
				B563A263230EB5E1000D2943 /* Main.storyboard in Resources */,
			);
			runOnlyForDeploymentPostprocessing = 0;
		};
/* End PBXResourcesBuildPhase section */

/* Begin PBXSourcesBuildPhase section */
		B563A254230EB5E1000D2943 /* Sources */ = {
			isa = PBXSourcesBuildPhase;
			buildActionMask = 2147483647;
			files = (
				B563A27D230EB6FC000D2943 /* DVDPlayer.m in Sources */,
				B563A273230EB5FB000D2943 /* HomeDevice.m in Sources */,
				B563A260230EB5E1000D2943 /* ViewController.m in Sources */,
				B563A283230EB71C000D2943 /* Projecter.m in Sources */,
				B563A286230EB7AB000D2943 /* HomeDeviceManager.m in Sources */,
				B563A277230EB631000D2943 /* Airconditioner.m in Sources */,
				B563A280230EB712000D2943 /* VoiceBox.m in Sources */,
				B563A26B230EB5E2000D2943 /* main.m in Sources */,
				B563A25D230EB5E1000D2943 /* AppDelegate.m in Sources */,
				B563A27A230EB6F2000D2943 /* CDPlayer.m in Sources */,
			);
			runOnlyForDeploymentPostprocessing = 0;
		};
/* End PBXSourcesBuildPhase section */

/* Begin PBXVariantGroup section */
		B563A261230EB5E1000D2943 /* Main.storyboard */ = {
			isa = PBXVariantGroup;
			children = (
				B563A262230EB5E1000D2943 /* Base */,
			);
			name = Main.storyboard;
			sourceTree = "<group>";
		};
		B563A266230EB5E2000D2943 /* LaunchScreen.storyboard */ = {
			isa = PBXVariantGroup;
			children = (
				B563A267230EB5E2000D2943 /* Base */,
			);
			name = LaunchScreen.storyboard;
			sourceTree = "<group>";
		};
/* End PBXVariantGroup section */

/* Begin XCBuildConfiguration section */
		B563A26C230EB5E2000D2943 /* Debug */ = {
			isa = XCBuildConfiguration;
			buildSettings = {
				ALWAYS_SEARCH_USER_PATHS = NO;
				CLANG_ANALYZER_NONNULL = YES;
				CLANG_ANALYZER_NUMBER_OBJECT_CONVERSION = YES_AGGRESSIVE;
				CLANG_CXX_LANGUAGE_STANDARD = "gnu++14";
				CLANG_CXX_LIBRARY = "libc++";
				CLANG_ENABLE_MODULES = YES;
				CLANG_ENABLE_OBJC_ARC = YES;
				CLANG_ENABLE_OBJC_WEAK = YES;
				CLANG_WARN_BLOCK_CAPTURE_AUTORELEASING = YES;
				CLANG_WARN_BOOL_CONVERSION = YES;
				CLANG_WARN_COMMA = YES;
				CLANG_WARN_CONSTANT_CONVERSION = YES;
				CLANG_WARN_DEPRECATED_OBJC_IMPLEMENTATIONS = YES;
				CLANG_WARN_DIRECT_OBJC_ISA_USAGE = YES_ERROR;
				CLANG_WARN_DOCUMENTATION_COMMENTS = YES;
				CLANG_WARN_EMPTY_BODY = YES;
				CLANG_WARN_ENUM_CONVERSION = YES;
				CLANG_WARN_INFINITE_RECURSION = YES;
				CLANG_WARN_INT_CONVERSION = YES;
				CLANG_WARN_NON_LITERAL_NULL_CONVERSION = YES;
				CLANG_WARN_OBJC_IMPLICIT_RETAIN_SELF = YES;
				CLANG_WARN_OBJC_LITERAL_CONVERSION = YES;
				CLANG_WARN_OBJC_ROOT_CLASS = YES_ERROR;
				CLANG_WARN_RANGE_LOOP_ANALYSIS = YES;
				CLANG_WARN_STRICT_PROTOTYPES = YES;
				CLANG_WARN_SUSPICIOUS_MOVE = YES;
				CLANG_WARN_UNGUARDED_AVAILABILITY = YES_AGGRESSIVE;
				CLANG_WARN_UNREACHABLE_CODE = YES;
				CLANG_WARN__DUPLICATE_METHOD_MATCH = YES;
				CODE_SIGN_IDENTITY = "iPhone Developer";
				COPY_PHASE_STRIP = NO;
				DEBUG_INFORMATION_FORMAT = dwarf;
				ENABLE_STRICT_OBJC_MSGSEND = YES;
				ENABLE_TESTABILITY = YES;
				GCC_C_LANGUAGE_STANDARD = gnu11;
				GCC_DYNAMIC_NO_PIC = NO;
				GCC_NO_COMMON_BLOCKS = YES;
				GCC_OPTIMIZATION_LEVEL = 0;
				GCC_PREPROCESSOR_DEFINITIONS = (
					"DEBUG=1",
					"$(inherited)",
				);
				GCC_WARN_64_TO_32_BIT_CONVERSION = YES;
				GCC_WARN_ABOUT_RETURN_TYPE = YES_ERROR;
				GCC_WARN_UNDECLARED_SELECTOR = YES;
				GCC_WARN_UNINITIALIZED_AUTOS = YES_AGGRESSIVE;
				GCC_WARN_UNUSED_FUNCTION = YES;
				GCC_WARN_UNUSED_VARIABLE = YES;
				IPHONEOS_DEPLOYMENT_TARGET = 12.2;
				MTL_ENABLE_DEBUG_INFO = INCLUDE_SOURCE;
				MTL_FAST_MATH = YES;
				ONLY_ACTIVE_ARCH = YES;
				SDKROOT = iphoneos;
			};
			name = Debug;
		};
		B563A26D230EB5E2000D2943 /* Release */ = {
			isa = XCBuildConfiguration;
			buildSettings = {
				ALWAYS_SEARCH_USER_PATHS = NO;
				CLANG_ANALYZER_NONNULL = YES;
				CLANG_ANALYZER_NUMBER_OBJECT_CONVERSION = YES_AGGRESSIVE;
				CLANG_CXX_LANGUAGE_STANDARD = "gnu++14";
				CLANG_CXX_LIBRARY = "libc++";
				CLANG_ENABLE_MODULES = YES;
				CLANG_ENABLE_OBJC_ARC = YES;
				CLANG_ENABLE_OBJC_WEAK = YES;
				CLANG_WARN_BLOCK_CAPTURE_AUTORELEASING = YES;
				CLANG_WARN_BOOL_CONVERSION = YES;
				CLANG_WARN_COMMA = YES;
				CLANG_WARN_CONSTANT_CONVERSION = YES;
				CLANG_WARN_DEPRECATED_OBJC_IMPLEMENTATIONS = YES;
				CLANG_WARN_DIRECT_OBJC_ISA_USAGE = YES_ERROR;
				CLANG_WARN_DOCUMENTATION_COMMENTS = YES;
				CLANG_WARN_EMPTY_BODY = YES;
				CLANG_WARN_ENUM_CONVERSION = YES;
				CLANG_WARN_INFINITE_RECURSION = YES;
				CLANG_WARN_INT_CONVERSION = YES;
				CLANG_WARN_NON_LITERAL_NULL_CONVERSION = YES;
				CLANG_WARN_OBJC_IMPLICIT_RETAIN_SELF = YES;
				CLANG_WARN_OBJC_LITERAL_CONVERSION = YES;
				CLANG_WARN_OBJC_ROOT_CLASS = YES_ERROR;
				CLANG_WARN_RANGE_LOOP_ANALYSIS = YES;
				CLANG_WARN_STRICT_PROTOTYPES = YES;
				CLANG_WARN_SUSPICIOUS_MOVE = YES;
				CLANG_WARN_UNGUARDED_AVAILABILITY = YES_AGGRESSIVE;
				CLANG_WARN_UNREACHABLE_CODE = YES;
				CLANG_WARN__DUPLICATE_METHOD_MATCH = YES;
				CODE_SIGN_IDENTITY = "iPhone Developer";
				COPY_PHASE_STRIP = NO;
				DEBUG_INFORMATION_FORMAT = "dwarf-with-dsym";
				ENABLE_NS_ASSERTIONS = NO;
				ENABLE_STRICT_OBJC_MSGSEND = YES;
				GCC_C_LANGUAGE_STANDARD = gnu11;
				GCC_NO_COMMON_BLOCKS = YES;
				GCC_WARN_64_TO_32_BIT_CONVERSION = YES;
				GCC_WARN_ABOUT_RETURN_TYPE = YES_ERROR;
				GCC_WARN_UNDECLARED_SELECTOR = YES;
				GCC_WARN_UNINITIALIZED_AUTOS = YES_AGGRESSIVE;
				GCC_WARN_UNUSED_FUNCTION = YES;
				GCC_WARN_UNUSED_VARIABLE = YES;
				IPHONEOS_DEPLOYMENT_TARGET = 12.2;
				MTL_ENABLE_DEBUG_INFO = NO;
				MTL_FAST_MATH = YES;
				SDKROOT = iphoneos;
				VALIDATE_PRODUCT = YES;
			};
			name = Release;
		};
		B563A26F230EB5E2000D2943 /* Debug */ = {
			isa = XCBuildConfiguration;
			buildSettings = {
				ASSETCATALOG_COMPILER_APPICON_NAME = AppIcon;
				CODE_SIGN_STYLE = Automatic;
				DEVELOPMENT_TEAM = CBDRQW8BL9;
				INFOPLIST_FILE = WaiGuanMoShi/Info.plist;
				LD_RUNPATH_SEARCH_PATHS = (
					"$(inherited)",
					"@executable_path/Frameworks",
				);
				PRODUCT_BUNDLE_IDENTIFIER = com.dcj.WaiGuanMoShi;
				PRODUCT_NAME = "$(TARGET_NAME)";
				TARGETED_DEVICE_FAMILY = "1,2";
			};
			name = Debug;
		};
		B563A270230EB5E2000D2943 /* Release */ = {
			isa = XCBuildConfiguration;
			buildSettings = {
				ASSETCATALOG_COMPILER_APPICON_NAME = AppIcon;
				CODE_SIGN_STYLE = Automatic;
				DEVELOPMENT_TEAM = CBDRQW8BL9;
				INFOPLIST_FILE = WaiGuanMoShi/Info.plist;
				LD_RUNPATH_SEARCH_PATHS = (
					"$(inherited)",
					"@executable_path/Frameworks",
				);
				PRODUCT_BUNDLE_IDENTIFIER = com.dcj.WaiGuanMoShi;
				PRODUCT_NAME = "$(TARGET_NAME)";
				TARGETED_DEVICE_FAMILY = "1,2";
			};
			name = Release;
		};
/* End XCBuildConfiguration section */

/* Begin XCConfigurationList section */
		B563A253230EB5E1000D2943 /* Build configuration list for PBXProject "WaiGuanMoShi" */ = {
			isa = XCConfigurationList;
			buildConfigurations = (
				B563A26C230EB5E2000D2943 /* Debug */,
				B563A26D230EB5E2000D2943 /* Release */,
			);
			defaultConfigurationIsVisible = 0;
			defaultConfigurationName = Release;
		};
		B563A26E230EB5E2000D2943 /* Build configuration list for PBXNativeTarget "WaiGuanMoShi" */ = {
			isa = XCConfigurationList;
			buildConfigurations = (
				B563A26F230EB5E2000D2943 /* Debug */,
				B563A270230EB5E2000D2943 /* Release */,
			);
			defaultConfigurationIsVisible = 0;
			defaultConfigurationName = Release;
		};
/* End XCConfigurationList section */
	};
	rootObject = B563A250230EB5E1000D2943 /* Project object */;
}
