// !$*UTF8*$!
{
	archiveVersion = 1;
	classes = {
	};
	objectVersion = 50;
	objects = {

/* Begin PBXBuildFile section */
		B563A21A230E96E1000D2943 /* AppDelegate.m in Sources */ = {isa = PBXBuildFile; fileRef = B563A219230E96E1000D2943 /* AppDelegate.m */; };
		B563A21D230E96E1000D2943 /* ViewController.m in Sources */ = {isa = PBXBuildFile; fileRef = B563A21C230E96E1000D2943 /* ViewController.m */; };
		B563A220230E96E1000D2943 /* Main.storyboard in Resources */ = {isa = PBXBuildFile; fileRef = B563A21E230E96E1000D2943 /* Main.storyboard */; };
		B563A222230E96E2000D2943 /* Assets.xcassets in Resources */ = {isa = PBXBuildFile; fileRef = B563A221230E96E2000D2943 /* Assets.xcassets */; };
		B563A225230E96E2000D2943 /* LaunchScreen.storyboard in Resources */ = {isa = PBXBuildFile; fileRef = B563A223230E96E2000D2943 /* LaunchScreen.storyboard */; };
		B563A228230E96E2000D2943 /* main.m in Sources */ = {isa = PBXBuildFile; fileRef = B563A227230E96E2000D2943 /* main.m */; };
		B563A230230E96F4000D2943 /* Factory.m in Sources */ = {isa = PBXBuildFile; fileRef = B563A22F230E96F4000D2943 /* Factory.m */; };
		B563A233230E970E000D2943 /* AppleFactory.m in Sources */ = {isa = PBXBuildFile; fileRef = B563A232230E970E000D2943 /* AppleFactory.m */; };
		B563A236230E971E000D2943 /* XiaoMiFactory.m in Sources */ = {isa = PBXBuildFile; fileRef = B563A235230E971E000D2943 /* XiaoMiFactory.m */; };
		B563A239230E972A000D2943 /* HuaWeiFatory.m in Sources */ = {isa = PBXBuildFile; fileRef = B563A238230E972A000D2943 /* HuaWeiFatory.m */; };
		B563A23D230E9771000D2943 /* Phone.m in Sources */ = {isa = PBXBuildFile; fileRef = B563A23C230E9771000D2943 /* Phone.m */; };
		B563A241230E9786000D2943 /* Computer.m in Sources */ = {isa = PBXBuildFile; fileRef = B563A240230E9786000D2943 /* Computer.m */; };
		B563A244230E9797000D2943 /* MiPhone.m in Sources */ = {isa = PBXBuildFile; fileRef = B563A243230E9797000D2943 /* MiPhone.m */; };
		B563A247230E97A8000D2943 /* iPhone.m in Sources */ = {isa = PBXBuildFile; fileRef = B563A246230E97A8000D2943 /* iPhone.m */; };
		B563A24A230E97B9000D2943 /* MiComputer.m in Sources */ = {isa = PBXBuildFile; fileRef = B563A249230E97B9000D2943 /* MiComputer.m */; };
		B563A24D230E97D0000D2943 /* MacBookComputer.m in Sources */ = {isa = PBXBuildFile; fileRef = B563A24C230E97D0000D2943 /* MacBookComputer.m */; };
/* End PBXBuildFile section */

/* Begin PBXFileReference section */
		B563A215230E96E1000D2943 /* ChouXiangGongChangMoShi.app */ = {isa = PBXFileReference; explicitFileType = wrapper.application; includeInIndex = 0; path = ChouXiangGongChangMoShi.app; sourceTree = BUILT_PRODUCTS_DIR; };
		B563A218230E96E1000D2943 /* AppDelegate.h */ = {isa = PBXFileReference; lastKnownFileType = sourcecode.c.h; path = AppDelegate.h; sourceTree = "<group>"; };
		B563A219230E96E1000D2943 /* AppDelegate.m */ = {isa = PBXFileReference; lastKnownFileType = sourcecode.c.objc; path = AppDelegate.m; sourceTree = "<group>"; };
		B563A21B230E96E1000D2943 /* ViewController.h */ = {isa = PBXFileReference; lastKnownFileType = sourcecode.c.h; path = ViewController.h; sourceTree = "<group>"; };
		B563A21C230E96E1000D2943 /* ViewController.m */ = {isa = PBXFileReference; lastKnownFileType = sourcecode.c.objc; path = ViewController.m; sourceTree = "<group>"; };
		B563A21F230E96E1000D2943 /* Base */ = {isa = PBXFileReference; lastKnownFileType = file.storyboard; name = Base; path = Base.lproj/Main.storyboard; sourceTree = "<group>"; };
		B563A221230E96E2000D2943 /* Assets.xcassets */ = {isa = PBXFileReference; lastKnownFileType = folder.assetcatalog; path = Assets.xcassets; sourceTree = "<group>"; };
		B563A224230E96E2000D2943 /* Base */ = {isa = PBXFileReference; lastKnownFileType = file.storyboard; name = Base; path = Base.lproj/LaunchScreen.storyboard; sourceTree = "<group>"; };
		B563A226230E96E2000D2943 /* Info.plist */ = {isa = PBXFileReference; lastKnownFileType = text.plist.xml; path = Info.plist; sourceTree = "<group>"; };
		B563A227230E96E2000D2943 /* main.m */ = {isa = PBXFileReference; lastKnownFileType = sourcecode.c.objc; path = main.m; sourceTree = "<group>"; };
		B563A22E230E96F4000D2943 /* Factory.h */ = {isa = PBXFileReference; lastKnownFileType = sourcecode.c.h; path = Factory.h; sourceTree = "<group>"; };
		B563A22F230E96F4000D2943 /* Factory.m */ = {isa = PBXFileReference; lastKnownFileType = sourcecode.c.objc; path = Factory.m; sourceTree = "<group>"; };
		B563A231230E970E000D2943 /* AppleFactory.h */ = {isa = PBXFileReference; lastKnownFileType = sourcecode.c.h; path = AppleFactory.h; sourceTree = "<group>"; };
		B563A232230E970E000D2943 /* AppleFactory.m */ = {isa = PBXFileReference; lastKnownFileType = sourcecode.c.objc; path = AppleFactory.m; sourceTree = "<group>"; };
		B563A234230E971E000D2943 /* XiaoMiFactory.h */ = {isa = PBXFileReference; lastKnownFileType = sourcecode.c.h; path = XiaoMiFactory.h; sourceTree = "<group>"; };
		B563A235230E971E000D2943 /* XiaoMiFactory.m */ = {isa = PBXFileReference; lastKnownFileType = sourcecode.c.objc; path = XiaoMiFactory.m; sourceTree = "<group>"; };
		B563A237230E972A000D2943 /* HuaWeiFatory.h */ = {isa = PBXFileReference; lastKnownFileType = sourcecode.c.h; path = HuaWeiFatory.h; sourceTree = "<group>"; };
		B563A238230E972A000D2943 /* HuaWeiFatory.m */ = {isa = PBXFileReference; lastKnownFileType = sourcecode.c.objc; path = HuaWeiFatory.m; sourceTree = "<group>"; };
		B563A23B230E9771000D2943 /* Phone.h */ = {isa = PBXFileReference; lastKnownFileType = sourcecode.c.h; path = Phone.h; sourceTree = "<group>"; };
		B563A23C230E9771000D2943 /* Phone.m */ = {isa = PBXFileReference; lastKnownFileType = sourcecode.c.objc; path = Phone.m; sourceTree = "<group>"; };
		B563A23F230E9786000D2943 /* Computer.h */ = {isa = PBXFileReference; lastKnownFileType = sourcecode.c.h; path = Computer.h; sourceTree = "<group>"; };
		B563A240230E9786000D2943 /* Computer.m */ = {isa = PBXFileReference; lastKnownFileType = sourcecode.c.objc; path = Computer.m; sourceTree = "<group>"; };
		B563A242230E9797000D2943 /* MiPhone.h */ = {isa = PBXFileReference; lastKnownFileType = sourcecode.c.h; path = MiPhone.h; sourceTree = "<group>"; };
		B563A243230E9797000D2943 /* MiPhone.m */ = {isa = PBXFileReference; lastKnownFileType = sourcecode.c.objc; path = MiPhone.m; sourceTree = "<group>"; };
		B563A245230E97A8000D2943 /* iPhone.h */ = {isa = PBXFileReference; lastKnownFileType = sourcecode.c.h; path = iPhone.h; sourceTree = "<group>"; };
		B563A246230E97A8000D2943 /* iPhone.m */ = {isa = PBXFileReference; lastKnownFileType = sourcecode.c.objc; path = iPhone.m; sourceTree = "<group>"; };
		B563A248230E97B9000D2943 /* MiComputer.h */ = {isa = PBXFileReference; lastKnownFileType = sourcecode.c.h; path = MiComputer.h; sourceTree = "<group>"; };
		B563A249230E97B9000D2943 /* MiComputer.m */ = {isa = PBXFileReference; lastKnownFileType = sourcecode.c.objc; path = MiComputer.m; sourceTree = "<group>"; };
		B563A24B230E97D0000D2943 /* MacBookComputer.h */ = {isa = PBXFileReference; lastKnownFileType = sourcecode.c.h; path = MacBookComputer.h; sourceTree = "<group>"; };
		B563A24C230E97D0000D2943 /* MacBookComputer.m */ = {isa = PBXFileReference; lastKnownFileType = sourcecode.c.objc; path = MacBookComputer.m; sourceTree = "<group>"; };
/* End PBXFileReference section */

/* Begin PBXFrameworksBuildPhase section */
		B563A212230E96E1000D2943 /* Frameworks */ = {
			isa = PBXFrameworksBuildPhase;
			buildActionMask = 2147483647;
			files = (
			);
			runOnlyForDeploymentPostprocessing = 0;
		};
/* End PBXFrameworksBuildPhase section */

/* Begin PBXGroup section */
		B563A20C230E96E1000D2943 = {
			isa = PBXGroup;
			children = (
				B563A217230E96E1000D2943 /* ChouXiangGongChangMoShi */,
				B563A216230E96E1000D2943 /* Products */,
			);
			sourceTree = "<group>";
		};
		B563A216230E96E1000D2943 /* Products */ = {
			isa = PBXGroup;
			children = (
				B563A215230E96E1000D2943 /* ChouXiangGongChangMoShi.app */,
			);
			name = Products;
			sourceTree = "<group>";
		};
		B563A217230E96E1000D2943 /* ChouXiangGongChangMoShi */ = {
			isa = PBXGroup;
			children = (
				B563A24E230E97D8000D2943 /* Factory */,
				B563A23E230E9778000D2943 /* Computer */,
				B563A23A230E9762000D2943 /* Phone */,
				B563A218230E96E1000D2943 /* AppDelegate.h */,
				B563A219230E96E1000D2943 /* AppDelegate.m */,
				B563A21B230E96E1000D2943 /* ViewController.h */,
				B563A21C230E96E1000D2943 /* ViewController.m */,
				B563A21E230E96E1000D2943 /* Main.storyboard */,
				B563A221230E96E2000D2943 /* Assets.xcassets */,
				B563A223230E96E2000D2943 /* LaunchScreen.storyboard */,
				B563A226230E96E2000D2943 /* Info.plist */,
				B563A227230E96E2000D2943 /* main.m */,
			);
			path = ChouXiangGongChangMoShi;
			sourceTree = "<group>";
		};
		B563A23A230E9762000D2943 /* Phone */ = {
			isa = PBXGroup;
			children = (
				B563A23B230E9771000D2943 /* Phone.h */,
				B563A23C230E9771000D2943 /* Phone.m */,
				B563A242230E9797000D2943 /* MiPhone.h */,
				B563A243230E9797000D2943 /* MiPhone.m */,
				B563A245230E97A8000D2943 /* iPhone.h */,
				B563A246230E97A8000D2943 /* iPhone.m */,
			);
			path = Phone;
			sourceTree = "<group>";
		};
		B563A23E230E9778000D2943 /* Computer */ = {
			isa = PBXGroup;
			children = (
				B563A23F230E9786000D2943 /* Computer.h */,
				B563A240230E9786000D2943 /* Computer.m */,
				B563A248230E97B9000D2943 /* MiComputer.h */,
				B563A249230E97B9000D2943 /* MiComputer.m */,
				B563A24B230E97D0000D2943 /* MacBookComputer.h */,
				B563A24C230E97D0000D2943 /* MacBookComputer.m */,
			);
			path = Computer;
			sourceTree = "<group>";
		};
		B563A24E230E97D8000D2943 /* Factory */ = {
			isa = PBXGroup;
			children = (
				B563A22E230E96F4000D2943 /* Factory.h */,
				B563A22F230E96F4000D2943 /* Factory.m */,
				B563A231230E970E000D2943 /* AppleFactory.h */,
				B563A232230E970E000D2943 /* AppleFactory.m */,
				B563A234230E971E000D2943 /* XiaoMiFactory.h */,
				B563A235230E971E000D2943 /* XiaoMiFactory.m */,
				B563A237230E972A000D2943 /* HuaWeiFatory.h */,
				B563A238230E972A000D2943 /* HuaWeiFatory.m */,
			);
			path = Factory;
			sourceTree = "<group>";
		};
/* End PBXGroup section */

/* Begin PBXNativeTarget section */
		B563A214230E96E1000D2943 /* ChouXiangGongChangMoShi */ = {
			isa = PBXNativeTarget;
			buildConfigurationList = B563A22B230E96E2000D2943 /* Build configuration list for PBXNativeTarget "ChouXiangGongChangMoShi" */;
			buildPhases = (
				B563A211230E96E1000D2943 /* Sources */,
				B563A212230E96E1000D2943 /* Frameworks */,
				B563A213230E96E1000D2943 /* Resources */,
			);
			buildRules = (
			);
			dependencies = (
			);
			name = ChouXiangGongChangMoShi;
			productName = ChouXiangGongChangMoShi;
			productReference = B563A215230E96E1000D2943 /* ChouXiangGongChangMoShi.app */;
			productType = "com.apple.product-type.application";
		};
/* End PBXNativeTarget section */

/* Begin PBXProject section */
		B563A20D230E96E1000D2943 /* Project object */ = {
			isa = PBXProject;
			attributes = {
				LastUpgradeCheck = 1020;
				ORGANIZATIONNAME = dengchaojie;
				TargetAttributes = {
					B563A214230E96E1000D2943 = {
						CreatedOnToolsVersion = 10.2;
					};
				};
			};
			buildConfigurationList = B563A210230E96E1000D2943 /* Build configuration list for PBXProject "ChouXiangGongChangMoShi" */;
			compatibilityVersion = "Xcode 9.3";
			developmentRegion = en;
			hasScannedForEncodings = 0;
			knownRegions = (
				en,
				Base,
			);
			mainGroup = B563A20C230E96E1000D2943;
			productRefGroup = B563A216230E96E1000D2943 /* Products */;
			projectDirPath = "";
			projectRoot = "";
			targets = (
				B563A214230E96E1000D2943 /* ChouXiangGongChangMoShi */,
			);
		};
/* End PBXProject section */

/* Begin PBXResourcesBuildPhase section */
		B563A213230E96E1000D2943 /* Resources */ = {
			isa = PBXResourcesBuildPhase;
			buildActionMask = 2147483647;
			files = (
				B563A225230E96E2000D2943 /* LaunchScreen.storyboard in Resources */,
				B563A222230E96E2000D2943 /* Assets.xcassets in Resources */,
				B563A220230E96E1000D2943 /* Main.storyboard in Resources */,
			);
			runOnlyForDeploymentPostprocessing = 0;
		};
/* End PBXResourcesBuildPhase section */

/* Begin PBXSourcesBuildPhase section */
		B563A211230E96E1000D2943 /* Sources */ = {
			isa = PBXSourcesBuildPhase;
			buildActionMask = 2147483647;
			files = (
				B563A233230E970E000D2943 /* AppleFactory.m in Sources */,
				B563A239230E972A000D2943 /* HuaWeiFatory.m in Sources */,
				B563A230230E96F4000D2943 /* Factory.m in Sources */,
				B563A21D230E96E1000D2943 /* ViewController.m in Sources */,
				B563A23D230E9771000D2943 /* Phone.m in Sources */,
				B563A247230E97A8000D2943 /* iPhone.m in Sources */,
				B563A228230E96E2000D2943 /* main.m in Sources */,
				B563A244230E9797000D2943 /* MiPhone.m in Sources */,
				B563A24A230E97B9000D2943 /* MiComputer.m in Sources */,
				B563A241230E9786000D2943 /* Computer.m in Sources */,
				B563A24D230E97D0000D2943 /* MacBookComputer.m in Sources */,
				B563A21A230E96E1000D2943 /* AppDelegate.m in Sources */,
				B563A236230E971E000D2943 /* XiaoMiFactory.m in Sources */,
			);
			runOnlyForDeploymentPostprocessing = 0;
		};
/* End PBXSourcesBuildPhase section */

/* Begin PBXVariantGroup section */
		B563A21E230E96E1000D2943 /* Main.storyboard */ = {
			isa = PBXVariantGroup;
			children = (
				B563A21F230E96E1000D2943 /* Base */,
			);
			name = Main.storyboard;
			sourceTree = "<group>";
		};
		B563A223230E96E2000D2943 /* LaunchScreen.storyboard */ = {
			isa = PBXVariantGroup;
			children = (
				B563A224230E96E2000D2943 /* Base */,
			);
			name = LaunchScreen.storyboard;
			sourceTree = "<group>";
		};
/* End PBXVariantGroup section */

/* Begin XCBuildConfiguration section */
		B563A229230E96E2000D2943 /* Debug */ = {
			isa = XCBuildConfiguration;
			buildSettings = {
				ALWAYS_SEARCH_USER_PATHS = NO;
				CLANG_ANALYZER_NONNULL = YES;
				CLANG_ANALYZER_NUMBER_OBJECT_CONVERSION = YES_AGGRESSIVE;
				CLANG_CXX_LANGUAGE_STANDARD = "gnu++14";
				CLANG_CXX_LIBRARY = "libc++";
				CLANG_ENABLE_MODULES = YES;
				CLANG_ENABLE_OBJC_ARC = YES;
				CLANG_ENABLE_OBJC_WEAK = YES;
				CLANG_WARN_BLOCK_CAPTURE_AUTORELEASING = YES;
				CLANG_WARN_BOOL_CONVERSION = YES;
				CLANG_WARN_COMMA = YES;
				CLANG_WARN_CONSTANT_CONVERSION = YES;
				CLANG_WARN_DEPRECATED_OBJC_IMPLEMENTATIONS = YES;
				CLANG_WARN_DIRECT_OBJC_ISA_USAGE = YES_ERROR;
				CLANG_WARN_DOCUMENTATION_COMMENTS = YES;
				CLANG_WARN_EMPTY_BODY = YES;
				CLANG_WARN_ENUM_CONVERSION = YES;
				CLANG_WARN_INFINITE_RECURSION = YES;
				CLANG_WARN_INT_CONVERSION = YES;
				CLANG_WARN_NON_LITERAL_NULL_CONVERSION = YES;
				CLANG_WARN_OBJC_IMPLICIT_RETAIN_SELF = YES;
				CLANG_WARN_OBJC_LITERAL_CONVERSION = YES;
				CLANG_WARN_OBJC_ROOT_CLASS = YES_ERROR;
				CLANG_WARN_RANGE_LOOP_ANALYSIS = YES;
				CLANG_WARN_STRICT_PROTOTYPES = YES;
				CLANG_WARN_SUSPICIOUS_MOVE = YES;
				CLANG_WARN_UNGUARDED_AVAILABILITY = YES_AGGRESSIVE;
				CLANG_WARN_UNREACHABLE_CODE = YES;
				CLANG_WARN__DUPLICATE_METHOD_MATCH = YES;
				CODE_SIGN_IDENTITY = "iPhone Developer";
				COPY_PHASE_STRIP = NO;
				DEBUG_INFORMATION_FORMAT = dwarf;
				ENABLE_STRICT_OBJC_MSGSEND = YES;
				ENABLE_TESTABILITY = YES;
				GCC_C_LANGUAGE_STANDARD = gnu11;
				GCC_DYNAMIC_NO_PIC = NO;
				GCC_NO_COMMON_BLOCKS = YES;
				GCC_OPTIMIZATION_LEVEL = 0;
				GCC_PREPROCESSOR_DEFINITIONS = (
					"DEBUG=1",
					"$(inherited)",
				);
				GCC_WARN_64_TO_32_BIT_CONVERSION = YES;
				GCC_WARN_ABOUT_RETURN_TYPE = YES_ERROR;
				GCC_WARN_UNDECLARED_SELECTOR = YES;
				GCC_WARN_UNINITIALIZED_AUTOS = YES_AGGRESSIVE;
				GCC_WARN_UNUSED_FUNCTION = YES;
				GCC_WARN_UNUSED_VARIABLE = YES;
				IPHONEOS_DEPLOYMENT_TARGET = 12.2;
				MTL_ENABLE_DEBUG_INFO = INCLUDE_SOURCE;
				MTL_FAST_MATH = YES;
				ONLY_ACTIVE_ARCH = YES;
				SDKROOT = iphoneos;
			};
			name = Debug;
		};
		B563A22A230E96E2000D2943 /* Release */ = {
			isa = XCBuildConfiguration;
			buildSettings = {
				ALWAYS_SEARCH_USER_PATHS = NO;
				CLANG_ANALYZER_NONNULL = YES;
				CLANG_ANALYZER_NUMBER_OBJECT_CONVERSION = YES_AGGRESSIVE;
				CLANG_CXX_LANGUAGE_STANDARD = "gnu++14";
				CLANG_CXX_LIBRARY = "libc++";
				CLANG_ENABLE_MODULES = YES;
				CLANG_ENABLE_OBJC_ARC = YES;
				CLANG_ENABLE_OBJC_WEAK = YES;
				CLANG_WARN_BLOCK_CAPTURE_AUTORELEASING = YES;
				CLANG_WARN_BOOL_CONVERSION = YES;
				CLANG_WARN_COMMA = YES;
				CLANG_WARN_CONSTANT_CONVERSION = YES;
				CLANG_WARN_DEPRECATED_OBJC_IMPLEMENTATIONS = YES;
				CLANG_WARN_DIRECT_OBJC_ISA_USAGE = YES_ERROR;
				CLANG_WARN_DOCUMENTATION_COMMENTS = YES;
				CLANG_WARN_EMPTY_BODY = YES;
				CLANG_WARN_ENUM_CONVERSION = YES;
				CLANG_WARN_INFINITE_RECURSION = YES;
				CLANG_WARN_INT_CONVERSION = YES;
				CLANG_WARN_NON_LITERAL_NULL_CONVERSION = YES;
				CLANG_WARN_OBJC_IMPLICIT_RETAIN_SELF = YES;
				CLANG_WARN_OBJC_LITERAL_CONVERSION = YES;
				CLANG_WARN_OBJC_ROOT_CLASS = YES_ERROR;
				CLANG_WARN_RANGE_LOOP_ANALYSIS = YES;
				CLANG_WARN_STRICT_PROTOTYPES = YES;
				CLANG_WARN_SUSPICIOUS_MOVE = YES;
				CLANG_WARN_UNGUARDED_AVAILABILITY = YES_AGGRESSIVE;
				CLANG_WARN_UNREACHABLE_CODE = YES;
				CLANG_WARN__DUPLICATE_METHOD_MATCH = YES;
				CODE_SIGN_IDENTITY = "iPhone Developer";
				COPY_PHASE_STRIP = NO;
				DEBUG_INFORMATION_FORMAT = "dwarf-with-dsym";
				ENABLE_NS_ASSERTIONS = NO;
				ENABLE_STRICT_OBJC_MSGSEND = YES;
				GCC_C_LANGUAGE_STANDARD = gnu11;
				GCC_NO_COMMON_BLOCKS = YES;
				GCC_WARN_64_TO_32_BIT_CONVERSION = YES;
				GCC_WARN_ABOUT_RETURN_TYPE = YES_ERROR;
				GCC_WARN_UNDECLARED_SELECTOR = YES;
				GCC_WARN_UNINITIALIZED_AUTOS = YES_AGGRESSIVE;
				GCC_WARN_UNUSED_FUNCTION = YES;
				GCC_WARN_UNUSED_VARIABLE = YES;
				IPHONEOS_DEPLOYMENT_TARGET = 12.2;
				MTL_ENABLE_DEBUG_INFO = NO;
				MTL_FAST_MATH = YES;
				SDKROOT = iphoneos;
				VALIDATE_PRODUCT = YES;
			};
			name = Release;
		};
		B563A22C230E96E2000D2943 /* Debug */ = {
			isa = XCBuildConfiguration;
			buildSettings = {
				ASSETCATALOG_COMPILER_APPICON_NAME = AppIcon;
				CODE_SIGN_STYLE = Automatic;
				DEVELOPMENT_TEAM = CBDRQW8BL9;
				INFOPLIST_FILE = ChouXiangGongChangMoShi/Info.plist;
				IPHONEOS_DEPLOYMENT_TARGET = 9.0;
				LD_RUNPATH_SEARCH_PATHS = (
					"$(inherited)",
					"@executable_path/Frameworks",
				);
				PRODUCT_BUNDLE_IDENTIFIER = com.dcj.ChouXiangGongChangMoShi;
				PRODUCT_NAME = "$(TARGET_NAME)";
				TARGETED_DEVICE_FAMILY = "1,2";
			};
			name = Debug;
		};
		B563A22D230E96E2000D2943 /* Release */ = {
			isa = XCBuildConfiguration;
			buildSettings = {
				ASSETCATALOG_COMPILER_APPICON_NAME = AppIcon;
				CODE_SIGN_STYLE = Automatic;
				DEVELOPMENT_TEAM = CBDRQW8BL9;
				INFOPLIST_FILE = ChouXiangGongChangMoShi/Info.plist;
				IPHONEOS_DEPLOYMENT_TARGET = 9.0;
				LD_RUNPATH_SEARCH_PATHS = (
					"$(inherited)",
					"@executable_path/Frameworks",
				);
				PRODUCT_BUNDLE_IDENTIFIER = com.dcj.ChouXiangGongChangMoShi;
				PRODUCT_NAME = "$(TARGET_NAME)";
				TARGETED_DEVICE_FAMILY = "1,2";
			};
			name = Release;
		};
/* End XCBuildConfiguration section */

/* Begin XCConfigurationList section */
		B563A210230E96E1000D2943 /* Build configuration list for PBXProject "ChouXiangGongChangMoShi" */ = {
			isa = XCConfigurationList;
			buildConfigurations = (
				B563A229230E96E2000D2943 /* Debug */,
				B563A22A230E96E2000D2943 /* Release */,
			);
			defaultConfigurationIsVisible = 0;
			defaultConfigurationName = Release;
		};
		B563A22B230E96E2000D2943 /* Build configuration list for PBXNativeTarget "ChouXiangGongChangMoShi" */ = {
			isa = XCConfigurationList;
			buildConfigurations = (
				B563A22C230E96E2000D2943 /* Debug */,
				B563A22D230E96E2000D2943 /* Release */,
			);
			defaultConfigurationIsVisible = 0;
			defaultConfigurationName = Release;
		};
/* End XCConfigurationList section */
	};
	rootObject = B563A20D230E96E1000D2943 /* Project object */;
}
